
Microsoft Visual Studio Solution File, Format Version 12.00
# Visual Studio Version 17
VisualStudioVersion = 17.14.36301.6
MinimumVisualStudioVersion = 10.0.40219.1
Project("{2150E333-8FDC-42A3-9474-1A3956D46DE8}") = "src", "src", "{36D591C7-65C7-A0D1-1CBC-10CDE441BDC8}"
EndProject
Project("{2150E333-8FDC-42A3-9474-1A3956D46DE8}") = "Core", "Core", "{5DD0F92F-DB3C-4E63-95EC-36680563ECE2}"
EndProject
Project("{2150E333-8FDC-42A3-9474-1A3956D46DE8}") = "Infrastructure", "Infrastructure", "{ECC180F4-F5FA-4E74-8475-DF018F910FCC}"
EndProject
Project("{2150E333-8FDC-42A3-9474-1A3956D46DE8}") = "Presentation", "Presentation", "{504598B3-EA76-4820-BA3A-60B4EF4BE0FE}"
EndProject
Project("{FAE04EC0-301F-11D3-BF4B-00C04F79EFBC}") = "WebApi", "src\Presentation\WebApi\WebApi.csproj", "{F21CE45C-CBD1-6684-78C7-09AC34427C7B}"
EndProject
Project("{FAE04EC0-301F-11D3-BF4B-00C04F79EFBC}") = "Domain", "src\Core\Domain\Domain.csproj", "{785245CC-9F5F-45C6-8D0F-4E52BC69FA80}"
EndProject
Project("{FAE04EC0-301F-11D3-BF4B-00C04F79EFBC}") = "Configuration", "src\Infrastructure\Configuration\Configuration.csproj", "{BA7EC0E7-EFC9-4BD6-9D4A-C50531E82086}"
EndProject
Project("{FAE04EC0-301F-11D3-BF4B-00C04F79EFBC}") = "Shared", "src\Core\Shared\Shared.csproj", "{3AF7D277-EC78-F605-9733-D8B93EBA5E37}"
EndProject
Project("{FAE04EC0-301F-11D3-BF4B-00C04F79EFBC}") = "Authentication", "src\Infrastructure\Authentication\Authentication.csproj", "{823752E2-6F4B-497C-9443-CC68BC0AF9C5}"
EndProject
Project("{FAE04EC0-301F-11D3-BF4B-00C04F79EFBC}") = "CouchDb", "src\Infrastructure\CouchDb\CouchDb.csproj", "{AB6CFCEB-94EE-4DFA-8BE7-A29D9D1FD7DC}"
EndProject
Project("{FAE04EC0-301F-11D3-BF4B-00C04F79EFBC}") = "Logger", "src\Infrastructure\Logger\Logger\Logger.csproj", "{BB73BAFE-D907-4AE1-943E-6AE0353C784A}"
EndProject
Project("{FAE04EC0-301F-11D3-BF4B-00C04F79EFBC}") = "WebApp", "src\Presentation\WebApp\WebApp\WebApp.csproj", "{03FB2FF0-55F6-4BD5-8A75-1AD813050A9B}"
EndProject
Project("{FAE04EC0-301F-11D3-BF4B-00C04F79EFBC}") = "Application", "src\Core\Application\Application.csproj", "{D7C5CEA4-0FF5-41E0-A266-FB1750B88BCE}"
EndProject
Global
	GlobalSection(SolutionConfigurationPlatforms) = preSolution
		Debug|Any CPU = Debug|Any CPU
		Release|Any CPU = Release|Any CPU
	EndGlobalSection
	GlobalSection(ProjectConfigurationPlatforms) = postSolution
		{F21CE45C-CBD1-6684-78C7-09AC34427C7B}.Debug|Any CPU.ActiveCfg = Debug|Any CPU
		{F21CE45C-CBD1-6684-78C7-09AC34427C7B}.Debug|Any CPU.Build.0 = Debug|Any CPU
		{F21CE45C-CBD1-6684-78C7-09AC34427C7B}.Release|Any CPU.ActiveCfg = Release|Any CPU
		{F21CE45C-CBD1-6684-78C7-09AC34427C7B}.Release|Any CPU.Build.0 = Release|Any CPU
		{785245CC-9F5F-45C6-8D0F-4E52BC69FA80}.Debug|Any CPU.ActiveCfg = Debug|Any CPU
		{785245CC-9F5F-45C6-8D0F-4E52BC69FA80}.Debug|Any CPU.Build.0 = Debug|Any CPU
		{785245CC-9F5F-45C6-8D0F-4E52BC69FA80}.Release|Any CPU.ActiveCfg = Release|Any CPU
		{785245CC-9F5F-45C6-8D0F-4E52BC69FA80}.Release|Any CPU.Build.0 = Release|Any CPU
		{BA7EC0E7-EFC9-4BD6-9D4A-C50531E82086}.Debug|Any CPU.ActiveCfg = Debug|Any CPU
		{BA7EC0E7-EFC9-4BD6-9D4A-C50531E82086}.Debug|Any CPU.Build.0 = Debug|Any CPU
		{BA7EC0E7-EFC9-4BD6-9D4A-C50531E82086}.Release|Any CPU.ActiveCfg = Release|Any CPU
		{BA7EC0E7-EFC9-4BD6-9D4A-C50531E82086}.Release|Any CPU.Build.0 = Release|Any CPU
		{3AF7D277-EC78-F605-9733-D8B93EBA5E37}.Debug|Any CPU.ActiveCfg = Debug|Any CPU
		{3AF7D277-EC78-F605-9733-D8B93EBA5E37}.Debug|Any CPU.Build.0 = Debug|Any CPU
		{3AF7D277-EC78-F605-9733-D8B93EBA5E37}.Release|Any CPU.ActiveCfg = Release|Any CPU
		{3AF7D277-EC78-F605-9733-D8B93EBA5E37}.Release|Any CPU.Build.0 = Release|Any CPU
		{823752E2-6F4B-497C-9443-CC68BC0AF9C5}.Debug|Any CPU.ActiveCfg = Debug|Any CPU
		{823752E2-6F4B-497C-9443-CC68BC0AF9C5}.Debug|Any CPU.Build.0 = Debug|Any CPU
		{823752E2-6F4B-497C-9443-CC68BC0AF9C5}.Release|Any CPU.ActiveCfg = Release|Any CPU
		{823752E2-6F4B-497C-9443-CC68BC0AF9C5}.Release|Any CPU.Build.0 = Release|Any CPU
		{AB6CFCEB-94EE-4DFA-8BE7-A29D9D1FD7DC}.Debug|Any CPU.ActiveCfg = Debug|Any CPU
		{AB6CFCEB-94EE-4DFA-8BE7-A29D9D1FD7DC}.Debug|Any CPU.Build.0 = Debug|Any CPU
		{AB6CFCEB-94EE-4DFA-8BE7-A29D9D1FD7DC}.Release|Any CPU.ActiveCfg = Release|Any CPU
		{AB6CFCEB-94EE-4DFA-8BE7-A29D9D1FD7DC}.Release|Any CPU.Build.0 = Release|Any CPU
		{BB73BAFE-D907-4AE1-943E-6AE0353C784A}.Debug|Any CPU.ActiveCfg = Debug|Any CPU
		{BB73BAFE-D907-4AE1-943E-6AE0353C784A}.Debug|Any CPU.Build.0 = Debug|Any CPU
		{BB73BAFE-D907-4AE1-943E-6AE0353C784A}.Release|Any CPU.ActiveCfg = Release|Any CPU
		{BB73BAFE-D907-4AE1-943E-6AE0353C784A}.Release|Any CPU.Build.0 = Release|Any CPU
		{03FB2FF0-55F6-4BD5-8A75-1AD813050A9B}.Debug|Any CPU.ActiveCfg = Debug|Any CPU
		{03FB2FF0-55F6-4BD5-8A75-1AD813050A9B}.Debug|Any CPU.Build.0 = Debug|Any CPU
		{03FB2FF0-55F6-4BD5-8A75-1AD813050A9B}.Release|Any CPU.ActiveCfg = Release|Any CPU
		{03FB2FF0-55F6-4BD5-8A75-1AD813050A9B}.Release|Any CPU.Build.0 = Release|Any CPU
		{D7C5CEA4-0FF5-41E0-A266-FB1750B88BCE}.Debug|Any CPU.ActiveCfg = Debug|Any CPU
		{D7C5CEA4-0FF5-41E0-A266-FB1750B88BCE}.Debug|Any CPU.Build.0 = Debug|Any CPU
		{D7C5CEA4-0FF5-41E0-A266-FB1750B88BCE}.Release|Any CPU.ActiveCfg = Release|Any CPU
		{D7C5CEA4-0FF5-41E0-A266-FB1750B88BCE}.Release|Any CPU.Build.0 = Release|Any CPU
	EndGlobalSection
	GlobalSection(SolutionProperties) = preSolution
		HideSolutionNode = FALSE
	EndGlobalSection
	GlobalSection(NestedProjects) = preSolution
		{5DD0F92F-DB3C-4E63-95EC-36680563ECE2} = {36D591C7-65C7-A0D1-1CBC-10CDE441BDC8}
		{ECC180F4-F5FA-4E74-8475-DF018F910FCC} = {36D591C7-65C7-A0D1-1CBC-10CDE441BDC8}
		{504598B3-EA76-4820-BA3A-60B4EF4BE0FE} = {36D591C7-65C7-A0D1-1CBC-10CDE441BDC8}
		{F21CE45C-CBD1-6684-78C7-09AC34427C7B} = {504598B3-EA76-4820-BA3A-60B4EF4BE0FE}
		{785245CC-9F5F-45C6-8D0F-4E52BC69FA80} = {5DD0F92F-DB3C-4E63-95EC-36680563ECE2}
		{BA7EC0E7-EFC9-4BD6-9D4A-C50531E82086} = {ECC180F4-F5FA-4E74-8475-DF018F910FCC}
		{3AF7D277-EC78-F605-9733-D8B93EBA5E37} = {5DD0F92F-DB3C-4E63-95EC-36680563ECE2}
		{823752E2-6F4B-497C-9443-CC68BC0AF9C5} = {ECC180F4-F5FA-4E74-8475-DF018F910FCC}
		{AB6CFCEB-94EE-4DFA-8BE7-A29D9D1FD7DC} = {ECC180F4-F5FA-4E74-8475-DF018F910FCC}
		{BB73BAFE-D907-4AE1-943E-6AE0353C784A} = {ECC180F4-F5FA-4E74-8475-DF018F910FCC}
		{03FB2FF0-55F6-4BD5-8A75-1AD813050A9B} = {504598B3-EA76-4820-BA3A-60B4EF4BE0FE}
		{D7C5CEA4-0FF5-41E0-A266-FB1750B88BCE} = {5DD0F92F-DB3C-4E63-95EC-36680563ECE2}
	EndGlobalSection
	GlobalSection(ExtensibilityGlobals) = postSolution
		SolutionGuid = {CB0EE380-F315-4308-BAB8-99F101EEABE3}
	EndGlobalSection
	GlobalSection(RiderSharedRunConfigurations) = postSolution
	EndGlobalSection
EndGlobal
